
Microsoft Visual Studio Solution File, Format Version 12.00
# Visual Studio Version 17
VisualStudioVersion = 17.2.32616.157
MinimumVisualStudioVersion = 10.0.40219.1
Project("{FAE04EC0-301F-11D3-BF4B-00C04F79EFBC}") = "Smolin_tomogramm_visualizer", "Smolin_tomogramm_visualizer.csproj", "{9666FC2E-84DF-4A62-AA37-1DF991179F45}"
EndProject
Global
	GlobalSection(SolutionConfigurationPlatforms) = preSolution
		Debug|Any CPU = Debug|Any CPU
		Release|Any CPU = Release|Any CPU
	EndGlobalSection
	GlobalSection(ProjectConfigurationPlatforms) = postSolution
		{9666FC2E-84DF-4A62-AA37-1DF991179F45}.Debug|Any CPU.ActiveCfg = Debug|Any CPU
		{9666FC2E-84DF-4A62-AA37-1DF991179F45}.Debug|Any CPU.Build.0 = Debug|Any CPU
		{9666FC2E-84DF-4A62-AA37-1DF991179F45}.Release|Any CPU.ActiveCfg = Release|Any CPU
		{9666FC2E-84DF-4A62-AA37-1DF991179F45}.Release|Any CPU.Build.0 = Release|Any CPU
	EndGlobalSection
	GlobalSection(SolutionProperties) = preSolution
		HideSolutionNode = FALSE
	EndGlobalSection
	GlobalSection(ExtensibilityGlobals) = postSolution
		SolutionGuid = {D1639248-A70E-4A93-AAB3-D29B68B169DC}
	EndGlobalSection
EndGlobal
